{
  "name": "praytimes",
  "version": "1.0.0",
  "lockfileVersion": 1,
  "requires": true,
  "dependencies": {
    "adhan": {
      "version": "4.1.0",
      "resolved": "https://registry.npmjs.org/adhan/-/adhan-4.1.0.tgz",
      "integrity": "sha512-6Eq3NTiFe1gR4j2Ooidm4wJZgnZJbhbKCqhgIti85bwRdY04q0OMnO5TlOvBoO4spygEHMuM19clOevEAcmfsA=="
    },
    "cities.json": {
      "version": "1.1.5",
      "resolved": "https://registry.npmjs.org/cities.json/-/cities.json-1.1.5.tgz",
      "integrity": "sha512-BKge3FmYfYOtN3tBaLfN9QvB7M5dDyjen3aFOn6XwgNASvLDhWTJazAtCvbpDWlpM6YWZXh4TUTsgxOn/n6MbA=="
    },
    "dayjs": {
      "version": "1.10.5",
      "resolved": "https://registry.npmjs.org/dayjs/-/dayjs-1.10.5.tgz",
      "integrity": "sha512-BUFis41ikLz+65iH6LHQCDm4YPMj5r1YFLdupPIyM4SGcXMmtiLQ7U37i+hGS8urIuqe7I/ou3IS1jVc4nbN4g=="
    },
    "spacetime": {
      "version": "6.16.1",
      "resolved": "https://registry.npmjs.org/spacetime/-/spacetime-6.16.1.tgz",
      "integrity": "sha512-+aK5oTrCCfXZsg73NEoy3V2cLa0xY3obddFNbWSJ8UcbuPb7f8zWOV4vH3hEAncznUJQqA7tGHAuVR4TysfgIA=="
    },
    "tz-lookup": {
      "version": "6.1.25",
      "resolved": "https://registry.npmjs.org/tz-lookup/-/tz-lookup-6.1.25.tgz",
      "integrity": "sha512-fFewT9o1uDzsW1QnUU1ValqaihFnwiUiiHr1S79/fxOzKXYYvX+EHeRnpvQJ9B3Qg67wPXT6QF2Esc4pFOrvLg=="
    }
  }
}
